{
  "nodes": {
    "home-manager": {
      "inputs": {
        "nixpkgs": [
          "nixpkgs"
        ]
      },
      "locked": {
        "lastModified": 1685395684,
        "narHash": "sha256-XUUWE5XJiGZ2Wi+Mxv/mIwKYDPEC8gYHkHyT3+/sciY=",
        "owner": "nix-community",
        "repo": "home-manager",
        "rev": "43ed7048f670661d1ae2ea0d2f7655e87e7b0461",
        "type": "github"
      },
      "original": {
        "owner": "nix-community",
        "repo": "home-manager",
        "type": "github"
      }
    },
    "nixpkgs": {
      "locked": {
        "lastModified": 1685347552,
        "narHash": "sha256-9woSppRyUFo26yUffORTzttJ+apOt8MmCv6RxpPNTU4=",
        "owner": "nixos",
        "repo": "nixpkgs",
        "rev": "f2f1ec390714d303cf84ba086e34e45b450dd8c4",
        "type": "github"
      },
      "original": {
        "owner": "nixos",
        "ref": "nixpkgs-unstable",
        "repo": "nixpkgs",
        "type": "github"
      }
    },
    "root": {
      "inputs": {
        "home-manager": "home-manager",
        "nixpkgs": "nixpkgs"
      }
    }
  },
  "root": "root",
  "version": 7
}
